{
  "name": "renderer",
  "version": "1.0.0",
  "lockfileVersion": 3,
  "requires": true,
  "packages": {
    "": {
      "name": "renderer",
      "version": "1.0.0",
      "license": "ISC",
      "dependencies": {
        "bobril": "^20.11.2"
      }
    },
    "node_modules/bobril": {
      "version": "20.11.2",
      "resolved": "https://registry.npmjs.org/bobril/-/bobril-20.11.2.tgz",
      "integrity": "sha512-Z7KQdf38b+W7IEy+SxNkv8h3cF2MuwHCc6lanQogpO/7pRbv6zN5rFZWT5Uq92g7NSVQ38HK6+4YQxhfGEyIQw==",
      "license": "MIT"
    }
  }
}
